
Microsoft Visual Studio Solution File, Format Version 12.00
# Visual Studio 2012
Project("{FAE04EC0-301F-11D3-BF4B-00C04F79EFBC}") = "EventExample", "EventExample\EventExample.csproj", "{1B942466-07F2-4273-AAE5-FCCFA4E1320D}"
EndProject
Global
	GlobalSection(SolutionConfigurationPlatforms) = preSolution
		Debug|Any CPU = Debug|Any CPU
		Release|Any CPU = Release|Any CPU
	EndGlobalSection
	GlobalSection(ProjectConfigurationPlatforms) = postSolution
		{1B942466-07F2-4273-AAE5-FCCFA4E1320D}.Debug|Any CPU.ActiveCfg = Debug|Any CPU
		{1B942466-07F2-4273-AAE5-FCCFA4E1320D}.Debug|Any CPU.Build.0 = Debug|Any CPU
		{1B942466-07F2-4273-AAE5-FCCFA4E1320D}.Release|Any CPU.ActiveCfg = Release|Any CPU
		{1B942466-07F2-4273-AAE5-FCCFA4E1320D}.Release|Any CPU.Build.0 = Release|Any CPU
	EndGlobalSection
	GlobalSection(SolutionProperties) = preSolution
		HideSolutionNode = FALSE
	EndGlobalSection
EndGlobal
